
Microsoft Visual Studio Solution File, Format Version 12.00
# Visual Studio Version 16
VisualStudioVersion = 16.0.31729.503
MinimumVisualStudioVersion = 10.0.40219.1
Project("{FAE04EC0-301F-11D3-BF4B-00C04F79EFBC}") = "EmployeeWageComputationProblems", "EmployeeWageComputationProblems\EmployeeWageComputationProblems.csproj", "{55710705-B2E7-431E-B454-8A68D9E03800}"
EndProject
Global
	GlobalSection(SolutionConfigurationPlatforms) = preSolution
		Debug|Any CPU = Debug|Any CPU
		Release|Any CPU = Release|Any CPU
	EndGlobalSection
	GlobalSection(ProjectConfigurationPlatforms) = postSolution
		{55710705-B2E7-431E-B454-8A68D9E03800}.Debug|Any CPU.ActiveCfg = Debug|Any CPU
		{55710705-B2E7-431E-B454-8A68D9E03800}.Debug|Any CPU.Build.0 = Debug|Any CPU
		{55710705-B2E7-431E-B454-8A68D9E03800}.Release|Any CPU.ActiveCfg = Release|Any CPU
		{55710705-B2E7-431E-B454-8A68D9E03800}.Release|Any CPU.Build.0 = Release|Any CPU
	EndGlobalSection
	GlobalSection(SolutionProperties) = preSolution
		HideSolutionNode = FALSE
	EndGlobalSection
	GlobalSection(ExtensibilityGlobals) = postSolution
		SolutionGuid = {82DE4B50-FD0D-4E13-AFFD-AEAFB6B72828}
	EndGlobalSection
EndGlobal
